<?xml version="1.0" encoding="UTF-8"?>
<CONFIG>
  <ProjectOptions>
    <Version Value="12"/>
    <PathDelim Value="\"/>
    <General>
      <SessionStorage Value="InProjectDir"/>
      <Title Value="RAL Installer"/>
      <Scaled Value="True"/>
      <ResourceType Value="res"/>
      <UseXPManifest Value="True"/>
      <XPManifest>
        <DpiAware Value="True"/>
      </XPManifest>
      <Icon Value="0"/>
      <Resources Count="12">
        <Resource_0 FileName="assets\Background - Dark.png" Type="RCDATA" ResourceName="DARKBG"/>
        <Resource_1 FileName="assets\Background - Light.png" Type="RCDATA" ResourceName="LIGHTBG"/>
        <Resource_2 FileName="assets\Botão Verde.png" Type="RCDATA" ResourceName="LIGHTBTN"/>
        <Resource_3 FileName="assets\Botão Azul.png" Type="RCDATA" ResourceName="DARKBTN"/>
        <Resource_4 FileName="assets\Moon Symbol.png" Type="RCDATA" ResourceName="LIGHTICON"/>
        <Resource_5 FileName="assets\Summer_White.png" Type="RCDATA" ResourceName="DARKICON"/>
        <Resource_6 FileName="receitas\mormot2.json" Type="RCDATA" ResourceName="RECEITA_MORMOT2"/>
        <Resource_7 FileName="receitas\zeos.json" Type="RCDATA" ResourceName="RECEITA_ZEOS"/>
        <Resource_8 FileName="receitas\indy.json" Type="RCDATA" ResourceName="RECEITA_INDY"/>
        <Resource_9 FileName="receitas\unigui.json" Type="RCDATA" ResourceName="RECEITA_UNIGUI"/>
        <Resource_10 FileName="manifesto\ral.json" Type="RCDATA" ResourceName="MANIFESTO_RAL"/>
        <Resource_11 FileName="receitas\firedac.json" Type="RCDATA" ResourceName="RECEITA_FIREDAC"/>
      </Resources>
    </General>
    <i18n>
      <OutDir Value="languages"/>
    </i18n>
    <VersionInfo>
      <UseVersionInfo Value="True"/>
      <MinorVersionNr Value="9"/>
      <StringTable CompanyName="Pascal RAL"/>
    </VersionInfo>
    <BuildModes>
      <Item Name="Windows32" Default="True"/>
      <Item Name="Windows64">
        <CompilerOptions>
          <Version Value="11"/>
          <PathDelim Value="\"/>
          <Target>
            <Filename Value="ralinstaller_w64"/>
          </Target>
          <SearchPaths>
            <IncludeFiles Value="$(ProjOutDir)"/>
            <OtherUnitFiles Value="fontes;fontes\telas;fontes\nucleo"/>
            <UnitOutputDirectory Value="lib\$(TargetCPU)-$(TargetOS)"/>
          </SearchPaths>
          <CodeGeneration>
            <SmartLinkUnit Value="True"/>
            <TargetCPU Value="x86_64"/>
            <Optimizations>
              <OptimizationLevel Value="3"/>
            </Optimizations>
          </CodeGeneration>
          <Linking>
            <Debugging>
              <DebugInfoType Value="dsDwarf3"/>
              <UseExternalDbgSyms Value="True"/>
            </Debugging>
            <LinkSmart Value="True"/>
            <Options>
              <Win32>
                <GraphicApplication Value="True"/>
              </Win32>
            </Options>
          </Linking>
          <Other>
            <CustomOptions Value="-dINSTALL_TEST"/>
          </Other>
        </CompilerOptions>
      </Item>
      <Item Name="Linux32">
        <CompilerOptions>
          <Version Value="11"/>
          <PathDelim Value="\"/>
          <Target>
            <Filename Value="ralinstaller_l32"/>
          </Target>
          <SearchPaths>
            <IncludeFiles Value="$(ProjOutDir)"/>
            <OtherUnitFiles Value="fontes;fontes\telas;fontes\nucleo"/>
            <UnitOutputDirectory Value="lib\$(TargetCPU)-$(TargetOS)"/>
          </SearchPaths>
          <CodeGeneration>
            <TargetCPU Value="i386"/>
            <TargetOS Value="linux"/>
          </CodeGeneration>
          <Linking>
            <Debugging>
              <DebugInfoType Value="dsDwarf3"/>
              <UseExternalDbgSyms Value="True"/>
            </Debugging>
            <Options>
              <Win32>
                <GraphicApplication Value="True"/>
              </Win32>
            </Options>
          </Linking>
          <Other>
            <CustomOptions Value="-dINSTALL_TEST"/>
          </Other>
        </CompilerOptions>
      </Item>
      <Item Name="Linux64">
        <CompilerOptions>
          <Version Value="11"/>
          <PathDelim Value="\"/>
          <Target>
            <Filename Value="ralinstaller_l64"/>
          </Target>
          <SearchPaths>
            <IncludeFiles Value="$(ProjOutDir)"/>
            <OtherUnitFiles Value="fontes;fontes\telas;fontes\nucleo"/>
            <UnitOutputDirectory Value="lib\$(TargetCPU)-$(TargetOS)"/>
          </SearchPaths>
          <CodeGeneration>
            <TargetCPU Value="x86_64"/>
            <TargetOS Value="linux"/>
          </CodeGeneration>
          <Linking>
            <Debugging>
              <DebugInfoType Value="dsDwarf3"/>
              <UseExternalDbgSyms Value="True"/>
            </Debugging>
            <Options>
              <Win32>
                <GraphicApplication Value="True"/>
              </Win32>
            </Options>
          </Linking>
          <Other>
            <CustomOptions Value="-dINSTALL_TEST"/>
          </Other>
        </CompilerOptions>
      </Item>
      <Item Name="MacOS64">
        <MacroValues Count="1">
          <Macro1 Name="LCLWidgetType" Value="cocoa"/>
        </MacroValues>
        <CompilerOptions>
          <Version Value="11"/>
          <PathDelim Value="\"/>
          <Target>
            <Filename Value="ralinstaller_m64"/>
          </Target>
          <SearchPaths>
            <IncludeFiles Value="$(ProjOutDir)"/>
            <OtherUnitFiles Value="fontes;fontes\telas;fontes\nucleo"/>
            <UnitOutputDirectory Value="lib\$(TargetCPU)-$(TargetOS)"/>
          </SearchPaths>
          <CodeGeneration>
            <TargetCPU Value="x86_64"/>
            <TargetOS Value="darwin"/>
          </CodeGeneration>
          <Linking>
            <Debugging>
              <GenerateDebugInfo Value="False"/>
            </Debugging>
            <Options>
              <Win32>
                <GraphicApplication Value="True"/>
              </Win32>
            </Options>
          </Linking>
          <Other>
            <CustomOptions Value="-dINSTALL_TEST"/>
          </Other>
        </CompilerOptions>
      </Item>
      <Item Name="MacOSARM64">
        <MacroValues Count="1">
          <Macro1 Name="LCLWidgetType" Value="cocoa"/>
        </MacroValues>
        <CompilerOptions>
          <Version Value="11"/>
          <PathDelim Value="\"/>
          <Target>
            <Filename Value="ralinstaller_marm64"/>
          </Target>
          <SearchPaths>
            <IncludeFiles Value="$(ProjOutDir)"/>
            <OtherUnitFiles Value="fontes;fontes\telas;fontes\nucleo"/>
            <UnitOutputDirectory Value="lib\$(TargetCPU)-$(TargetOS)"/>
          </SearchPaths>
          <CodeGeneration>
            <TargetCPU Value="aarch64"/>
            <TargetOS Value="darwin"/>
          </CodeGeneration>
          <Linking>
            <Debugging>
              <GenerateDebugInfo Value="False"/>
            </Debugging>
            <Options>
              <Win32>
                <GraphicApplication Value="True"/>
              </Win32>
            </Options>
          </Linking>
          <Other>
            <CustomOptions Value="-dINSTALL_TEST"/>
          </Other>
        </CompilerOptions>
      </Item>
      <SharedMatrixOptions Count="1">
        <Item1 ID="436612174588" Modes="MacOS64,MacOSARM64" Type="IDEMacro" MacroName="LCLWidgetType" Value="cocoa"/>
      </SharedMatrixOptions>
    </BuildModes>
    <PublishOptions>
      <Version Value="2"/>
      <UseFileFilters Value="True"/>
    </PublishOptions>
    <RunParams>
      <FormatVersion Value="2"/>
    </RunParams>
    <RequiredPackages>
      <Item>
        <PackageName Value="LCL"/>
      </Item>
    </RequiredPackages>
    <Units>
      <Unit>
        <Filename Value="RALInstaller.lpr"/>
        <IsPartOfProject Value="True"/>
        <UnitName Value="ralinstaller"/>
      </Unit>
      <Unit>
        <Filename Value="fontes\umain.pas"/>
        <IsPartOfProject Value="True"/>
        <ComponentName Value="fmain"/>
        <HasResources Value="True"/>
        <ResourceBaseClass Value="Form"/>
      </Unit>
      <Unit>
        <Filename Value="fontes\ufrm_modelo.pas"/>
        <IsPartOfProject Value="True"/>
        <ComponentName Value="frm_modelo"/>
        <HasResources Value="True"/>
        <ResourceBaseClass Value="Frame"/>
      </Unit>
      <Unit>
        <Filename Value="fontes\telas\ufrm_idioma.pas"/>
        <IsPartOfProject Value="True"/>
        <ComponentName Value="frm_idioma"/>
        <HasResources Value="True"/>
        <ResourceBaseClass Value="Frame"/>
      </Unit>
      <Unit>
        <Filename Value="fontes\utools.pas"/>
        <IsPartOfProject Value="True"/>
      </Unit>
      <Unit>
        <Filename Value="fontes\telas\ufrm_ide.pas"/>
        <IsPartOfProject Value="True"/>
        <ComponentName Value="frm_ide"/>
        <HasResources Value="True"/>
        <ResourceBaseClass Value="Frame"/>
      </Unit>
      <Unit>
        <Filename Value="fontes\telas\ufrm_ide_versions.pas"/>
        <IsPartOfProject Value="True"/>
        <ComponentName Value="frm_ide_versions"/>
        <HasResources Value="True"/>
        <ResourceBaseClass Value="Frame"/>
      </Unit>
      <Unit>
        <Filename Value="fontes\ufrm_ide_version.pas"/>
        <IsPartOfProject Value="True"/>
        <ComponentName Value="frm_ide_version"/>
        <HasResources Value="True"/>
        <ResourceBaseClass Value="Frame"/>
      </Unit>
      <Unit>
        <Filename Value="fontes\delphiutils.pas"/>
        <IsPartOfProject Value="True"/>
      </Unit>
      <Unit>
        <Filename Value="fontes\lazarusutils.pas"/>
        <IsPartOfProject Value="True"/>
      </Unit>
      <Unit>
        <Filename Value="fontes\telas\ufrm_recursos.pas"/>
        <IsPartOfProject Value="True"/>
        <ComponentName Value="frm_recursos"/>
        <HasResources Value="True"/>
        <ResourceBaseClass Value="Frame"/>
      </Unit>
      <Unit>
        <Filename Value="fontes\udm.pas"/>
        <IsPartOfProject Value="True"/>
        <ComponentName Value="dm"/>
        <HasResources Value="True"/>
        <ResourceBaseClass Value="DataModule"/>
      </Unit>
      <Unit>
        <Filename Value="fontes\telas\ufrm_install.pas"/>
        <IsPartOfProject Value="True"/>
        <ComponentName Value="frm_install"/>
        <HasResources Value="True"/>
        <ResourceBaseClass Value="Frame"/>
      </Unit>
      <Unit>
        <Filename Value="fontes\i18n_utils.pas"/>
        <IsPartOfProject Value="True"/>
      </Unit>
      <Unit>
        <Filename Value="fontes\ideutils.pas"/>
        <IsPartOfProject Value="True"/>
      </Unit>
    </Units>
  </ProjectOptions>
  <CompilerOptions>
    <Version Value="11"/>
    <PathDelim Value="\"/>
    <Target>
      <Filename Value="ralinstaller_w32"/>
    </Target>
    <SearchPaths>
      <IncludeFiles Value="$(ProjOutDir)"/>
      <OtherUnitFiles Value="fontes;fontes\telas;fontes\nucleo"/>
      <UnitOutputDirectory Value="lib\$(TargetCPU)-$(TargetOS)"/>
    </SearchPaths>
    <CodeGeneration>
      <TargetCPU Value="i386"/>
      <TargetOS Value="win32"/>
    </CodeGeneration>
    <Linking>
      <Debugging>
        <DebugInfoType Value="dsDwarf3"/>
        <UseExternalDbgSyms Value="True"/>
      </Debugging>
      <Options>
        <Win32>
          <GraphicApplication Value="True"/>
        </Win32>
      </Options>
    </Linking>
    <Other>
      <CustomOptions Value="-dINSTALL_TEST"/>
    </Other>
  </CompilerOptions>
  <Debugging>
    <Exceptions>
      <Item>
        <Name Value="EAbort"/>
      </Item>
      <Item>
        <Name Value="ECodetoolError"/>
      </Item>
      <Item>
        <Name Value="EFOpenError"/>
      </Item>
    </Exceptions>
  </Debugging>
</CONFIG>
